
Microsoft Visual Studio Solution File, Format Version 12.00
# Visual Studio 15
VisualStudioVersion = 15.0.28010.2046
MinimumVisualStudioVersion = 10.0.40219.1
Project("{8BC9CEB8-8B4A-11D0-8D11-00A0C91BC942}") = "P1", "P1\P1.vcxproj", "{7205C9B4-3E45-4A2C-983C-112E4BA5580C}"
EndProject
Global
	GlobalSection(SolutionConfigurationPlatforms) = preSolution
		Debug|x64 = Debug|x64
		Debug|x86 = Debug|x86
		Release|x64 = Release|x64
		Release|x86 = Release|x86
	EndGlobalSection
	GlobalSection(ProjectConfigurationPlatforms) = postSolution
		{7205C9B4-3E45-4A2C-983C-112E4BA5580C}.Debug|x64.ActiveCfg = Debug|x64
		{7205C9B4-3E45-4A2C-983C-112E4BA5580C}.Debug|x64.Build.0 = Debug|x64
		{7205C9B4-3E45-4A2C-983C-112E4BA5580C}.Debug|x86.ActiveCfg = Debug|Win32
		{7205C9B4-3E45-4A2C-983C-112E4BA5580C}.Debug|x86.Build.0 = Debug|Win32
		{7205C9B4-3E45-4A2C-983C-112E4BA5580C}.Release|x64.ActiveCfg = Release|x64
		{7205C9B4-3E45-4A2C-983C-112E4BA5580C}.Release|x64.Build.0 = Release|x64
		{7205C9B4-3E45-4A2C-983C-112E4BA5580C}.Release|x86.ActiveCfg = Release|Win32
		{7205C9B4-3E45-4A2C-983C-112E4BA5580C}.Release|x86.Build.0 = Release|Win32
	EndGlobalSection
	GlobalSection(SolutionProperties) = preSolution
		HideSolutionNode = FALSE
	EndGlobalSection
	GlobalSection(ExtensibilityGlobals) = postSolution
		SolutionGuid = {D0B7250E-E789-4F80-8CB3-FE33DB35C557}
	EndGlobalSection
EndGlobal
