
Microsoft Visual Studio Solution File, Format Version 12.00
# Visual Studio 15
VisualStudioVersion = 15.0.28307.1209
MinimumVisualStudioVersion = 10.0.40219.1
Project("{8BC9CEB8-8B4A-11D0-8D11-00A0C91BC942}") = "PracticalExercise5", "PracticalExercise5\PracticalExercise5.vcxproj", "{A37808D1-D6B4-499B-A9DC-878216DF7E7A}"
EndProject
Global
	GlobalSection(SolutionConfigurationPlatforms) = preSolution
		Debug|x64 = Debug|x64
		Debug|x86 = Debug|x86
		Release|x64 = Release|x64
		Release|x86 = Release|x86
	EndGlobalSection
	GlobalSection(ProjectConfigurationPlatforms) = postSolution
		{A37808D1-D6B4-499B-A9DC-878216DF7E7A}.Debug|x64.ActiveCfg = Debug|x64
		{A37808D1-D6B4-499B-A9DC-878216DF7E7A}.Debug|x64.Build.0 = Debug|x64
		{A37808D1-D6B4-499B-A9DC-878216DF7E7A}.Debug|x86.ActiveCfg = Debug|Win32
		{A37808D1-D6B4-499B-A9DC-878216DF7E7A}.Debug|x86.Build.0 = Debug|Win32
		{A37808D1-D6B4-499B-A9DC-878216DF7E7A}.Release|x64.ActiveCfg = Release|x64
		{A37808D1-D6B4-499B-A9DC-878216DF7E7A}.Release|x64.Build.0 = Release|x64
		{A37808D1-D6B4-499B-A9DC-878216DF7E7A}.Release|x86.ActiveCfg = Release|Win32
		{A37808D1-D6B4-499B-A9DC-878216DF7E7A}.Release|x86.Build.0 = Release|Win32
	EndGlobalSection
	GlobalSection(SolutionProperties) = preSolution
		HideSolutionNode = FALSE
	EndGlobalSection
	GlobalSection(ExtensibilityGlobals) = postSolution
		SolutionGuid = {02CB5A23-4176-4764-AE01-E23E46D12D49}
	EndGlobalSection
EndGlobal
