
Microsoft Visual Studio Solution File, Format Version 12.00
# Visual Studio 15
VisualStudioVersion = 15.0.28010.2046
MinimumVisualStudioVersion = 10.0.40219.1
Project("{8BC9CEB8-8B4A-11D0-8D11-00A0C91BC942}") = "PracticalExercise2", "PracticalExercise2\PracticalExercise2.vcxproj", "{D219782D-7075-4750-B480-D7A78A86B06C}"
EndProject
Global
	GlobalSection(SolutionConfigurationPlatforms) = preSolution
		Debug|x64 = Debug|x64
		Debug|x86 = Debug|x86
		Release|x64 = Release|x64
		Release|x86 = Release|x86
	EndGlobalSection
	GlobalSection(ProjectConfigurationPlatforms) = postSolution
		{D219782D-7075-4750-B480-D7A78A86B06C}.Debug|x64.ActiveCfg = Debug|x64
		{D219782D-7075-4750-B480-D7A78A86B06C}.Debug|x64.Build.0 = Debug|x64
		{D219782D-7075-4750-B480-D7A78A86B06C}.Debug|x86.ActiveCfg = Debug|Win32
		{D219782D-7075-4750-B480-D7A78A86B06C}.Debug|x86.Build.0 = Debug|Win32
		{D219782D-7075-4750-B480-D7A78A86B06C}.Release|x64.ActiveCfg = Release|x64
		{D219782D-7075-4750-B480-D7A78A86B06C}.Release|x64.Build.0 = Release|x64
		{D219782D-7075-4750-B480-D7A78A86B06C}.Release|x86.ActiveCfg = Release|Win32
		{D219782D-7075-4750-B480-D7A78A86B06C}.Release|x86.Build.0 = Release|Win32
	EndGlobalSection
	GlobalSection(SolutionProperties) = preSolution
		HideSolutionNode = FALSE
	EndGlobalSection
	GlobalSection(ExtensibilityGlobals) = postSolution
		SolutionGuid = {9E61BA06-08AD-4A80-B1EC-BDFEB8D68CDC}
	EndGlobalSection
EndGlobal
