
Microsoft Visual Studio Solution File, Format Version 12.00
# Visual Studio 15
VisualStudioVersion = 15.0.28010.2046
MinimumVisualStudioVersion = 10.0.40219.1
Project("{8BC9CEB8-8B4A-11D0-8D11-00A0C91BC942}") = "T4Q6", "T4Q6\T4Q6.vcxproj", "{556DA91C-74F6-4D58-8CBD-8DA8190F597C}"
EndProject
Global
	GlobalSection(SolutionConfigurationPlatforms) = preSolution
		Debug|x64 = Debug|x64
		Debug|x86 = Debug|x86
		Release|x64 = Release|x64
		Release|x86 = Release|x86
	EndGlobalSection
	GlobalSection(ProjectConfigurationPlatforms) = postSolution
		{556DA91C-74F6-4D58-8CBD-8DA8190F597C}.Debug|x64.ActiveCfg = Debug|x64
		{556DA91C-74F6-4D58-8CBD-8DA8190F597C}.Debug|x64.Build.0 = Debug|x64
		{556DA91C-74F6-4D58-8CBD-8DA8190F597C}.Debug|x86.ActiveCfg = Debug|Win32
		{556DA91C-74F6-4D58-8CBD-8DA8190F597C}.Debug|x86.Build.0 = Debug|Win32
		{556DA91C-74F6-4D58-8CBD-8DA8190F597C}.Release|x64.ActiveCfg = Release|x64
		{556DA91C-74F6-4D58-8CBD-8DA8190F597C}.Release|x64.Build.0 = Release|x64
		{556DA91C-74F6-4D58-8CBD-8DA8190F597C}.Release|x86.ActiveCfg = Release|Win32
		{556DA91C-74F6-4D58-8CBD-8DA8190F597C}.Release|x86.Build.0 = Release|Win32
	EndGlobalSection
	GlobalSection(SolutionProperties) = preSolution
		HideSolutionNode = FALSE
	EndGlobalSection
	GlobalSection(ExtensibilityGlobals) = postSolution
		SolutionGuid = {2B21B05B-8BA0-4BA1-9F51-4F84036AFC23}
	EndGlobalSection
EndGlobal
