
Microsoft Visual Studio Solution File, Format Version 12.00
# Visual Studio 15
VisualStudioVersion = 15.0.28307.1209
MinimumVisualStudioVersion = 10.0.40219.1
Project("{8BC9CEB8-8B4A-11D0-8D11-00A0C91BC942}") = "P6", "P6\P6.vcxproj", "{7ADE42AC-6967-4258-9546-4F2FD641AB40}"
EndProject
Global
	GlobalSection(SolutionConfigurationPlatforms) = preSolution
		Debug|x64 = Debug|x64
		Debug|x86 = Debug|x86
		Release|x64 = Release|x64
		Release|x86 = Release|x86
	EndGlobalSection
	GlobalSection(ProjectConfigurationPlatforms) = postSolution
		{7ADE42AC-6967-4258-9546-4F2FD641AB40}.Debug|x64.ActiveCfg = Debug|x64
		{7ADE42AC-6967-4258-9546-4F2FD641AB40}.Debug|x64.Build.0 = Debug|x64
		{7ADE42AC-6967-4258-9546-4F2FD641AB40}.Debug|x86.ActiveCfg = Debug|Win32
		{7ADE42AC-6967-4258-9546-4F2FD641AB40}.Debug|x86.Build.0 = Debug|Win32
		{7ADE42AC-6967-4258-9546-4F2FD641AB40}.Release|x64.ActiveCfg = Release|x64
		{7ADE42AC-6967-4258-9546-4F2FD641AB40}.Release|x64.Build.0 = Release|x64
		{7ADE42AC-6967-4258-9546-4F2FD641AB40}.Release|x86.ActiveCfg = Release|Win32
		{7ADE42AC-6967-4258-9546-4F2FD641AB40}.Release|x86.Build.0 = Release|Win32
	EndGlobalSection
	GlobalSection(SolutionProperties) = preSolution
		HideSolutionNode = FALSE
	EndGlobalSection
	GlobalSection(ExtensibilityGlobals) = postSolution
		SolutionGuid = {AA3CF937-F842-4019-A8F1-AED5BCDF32CA}
	EndGlobalSection
EndGlobal
