
Microsoft Visual Studio Solution File, Format Version 12.00
# Visual Studio 15
VisualStudioVersion = 15.0.28307.1209
MinimumVisualStudioVersion = 10.0.40219.1
Project("{8BC9CEB8-8B4A-11D0-8D11-00A0C91BC942}") = "P5", "P5\P5.vcxproj", "{0F572C01-6804-4FFC-BC81-7577E53EB2F8}"
EndProject
Global
	GlobalSection(SolutionConfigurationPlatforms) = preSolution
		Debug|x64 = Debug|x64
		Debug|x86 = Debug|x86
		Release|x64 = Release|x64
		Release|x86 = Release|x86
	EndGlobalSection
	GlobalSection(ProjectConfigurationPlatforms) = postSolution
		{0F572C01-6804-4FFC-BC81-7577E53EB2F8}.Debug|x64.ActiveCfg = Debug|x64
		{0F572C01-6804-4FFC-BC81-7577E53EB2F8}.Debug|x64.Build.0 = Debug|x64
		{0F572C01-6804-4FFC-BC81-7577E53EB2F8}.Debug|x86.ActiveCfg = Debug|Win32
		{0F572C01-6804-4FFC-BC81-7577E53EB2F8}.Debug|x86.Build.0 = Debug|Win32
		{0F572C01-6804-4FFC-BC81-7577E53EB2F8}.Release|x64.ActiveCfg = Release|x64
		{0F572C01-6804-4FFC-BC81-7577E53EB2F8}.Release|x64.Build.0 = Release|x64
		{0F572C01-6804-4FFC-BC81-7577E53EB2F8}.Release|x86.ActiveCfg = Release|Win32
		{0F572C01-6804-4FFC-BC81-7577E53EB2F8}.Release|x86.Build.0 = Release|Win32
	EndGlobalSection
	GlobalSection(SolutionProperties) = preSolution
		HideSolutionNode = FALSE
	EndGlobalSection
	GlobalSection(ExtensibilityGlobals) = postSolution
		SolutionGuid = {21DA4A42-44EB-4880-8090-88D6BA16BF91}
	EndGlobalSection
EndGlobal
